PODS:
  - Flutter (1.0.0)
  - test_plugin (0.0.1):
    - Flutter

DEPENDENCIES:
  - Flutter (from `Flutter`)
  - test_plugin (from `.symlinks/plugins/test_plugin/ios`)

EXTERNAL SOURCES:
  Flutter:
    :path: Flutter
  test_plugin:
    :path: ".symlinks/plugins/test_plugin/ios"

SPEC CHECKSUMS:
  Flutter: e0871f40cf51350855a761d2e70bf5af5b9b5de7
  test_plugin: a90f8b0422a1073f1985dde945d1941ecc595d0c

PODFILE CHECKSUM: 6e700dec67e6deac9b1c69bb14c49a2217a12d15

COCOAPODS: 1.15.2
